<?xml version="1.0" encoding="utf-8"?>
<Project ToolsVersion="4.0" xmlns="http://schemas.microsoft.com/developer/msbuild/2003">
  <ItemGroup>
    <Filter Include="Source Files">
      <UniqueIdentifier>{4FC737F1-C7A5-4376-A066-2A32D752A2FF}</UniqueIdentifier>
      <Extensions>cpp;c;cc;cxx;c++;cppm;ixx;def;odl;idl;hpj;bat;asm;asmx</Extensions>
    </Filter>
    <Filter Include="Header Files">
      <UniqueIdentifier>{93995380-89BD-4b04-88EB-625FBE52EBFB}</UniqueIdentifier>
      <Extensions>h;hh;hpp;hxx;h++;hm;inl;inc;ipp;xsd</Extensions>
    </Filter>
    <Filter Include="Resource Files">
      <UniqueIdentifier>{67DA6AB6-F800-4c08-8B7A-83BB121AAD01}</UniqueIdentifier>
      <Extensions>rc;ico;cur;bmp;dlg;rc2;rct;bin;rgs;gif;jpg;jpeg;jpe;resx;tiff;tif;png;wav;mfcribbon-ms</Extensions>
    </Filter>
  </ItemGroup>
  <ItemGroup>
    <ClCompile Include="main.c">
      <Filter>Source Files</Filter>
    </ClCompile>
    <ClCompile Include="game-core.c">
      <Filter>Source Files</Filter>
    </ClCompile>
    <ClCompile Include="game-state.c">
      <Filter>Source Files</Filter>
    </ClCompile>
    <ClCompile Include="maths\maths.c">
      <Filter>Source Files</Filter>
    </ClCompile>
    <ClCompile Include="core\clock.c">
      <Filter>Source Files</Filter>
    </ClCompile>
    <ClCompile Include="game\player.c">
      <Filter>Source Files</Filter>
    </ClCompile>
    <ClCompile Include="game\compass.c">
      <Filter>Source Files</Filter>
    </ClCompile>
    <ClCompile Include="ui\ui-compass.c">
      <Filter>Source Files</Filter>
    </ClCompile>
    <ClCompile Include="game\radar.c">
      <Filter>Source Files</Filter>
    </ClCompile>
    <ClCompile Include="ui\ui-radar.c">
      <Filter>Source Files</Filter>
    </ClCompile>
    <ClCompile Include="game\thing_manager.c">
      <Filter>Source Files</Filter>
    </ClCompile>
    <ClCompile Include="game\thing.c">
      <Filter>Source Files</Filter>
    </ClCompile>
  </ItemGroup>
  <ItemGroup>
    <ClInclude Include="game-core.h">
      <Filter>Source Files</Filter>
    </ClInclude>
    <ClInclude Include="globals.h">
      <Filter>Source Files</Filter>
    </ClInclude>
    <ClInclude Include="game-state.h">
      <Filter>Source Files</Filter>
    </ClInclude>
    <ClInclude Include="maths\maths.h">
      <Filter>Header Files</Filter>
    </ClInclude>
    <ClInclude Include="core\clock.h">
      <Filter>Header Files</Filter>
    </ClInclude>
    <ClInclude Include="game\player.h">
      <Filter>Header Files</Filter>
    </ClInclude>
    <ClInclude Include="game\compass.h">
      <Filter>Header Files</Filter>
    </ClInclude>
    <ClInclude Include="ui\ui-compass.h">
      <Filter>Header Files</Filter>
    </ClInclude>
    <ClInclude Include="game\radar.h">
      <Filter>Header Files</Filter>
    </ClInclude>
    <ClInclude Include="game\thing_manager.h">
      <Filter>Header Files</Filter>
    </ClInclude>
    <ClInclude Include="ui\ui-radar.h">
      <Filter>Header Files</Filter>
    </ClInclude>
    <ClInclude Include="game\thing.h">
      <Filter>Header Files</Filter>
    </ClInclude>
    <ClInclude Include="game\enums\thing_type_enum.h">
      <Filter>Header Files</Filter>
    </ClInclude>
  </ItemGroup>
</Project>